Microsoft Visual Studio Solution File, Format Version 12.00
# Visual Studio Version 17
VisualStudioVersion = 17.5.2.0
MinimumVisualStudioVersion = 10.0.40219.1
Project("{FAE04EC0-301F-11D3-BF4B-00C04F79EFBC}") = "MedicineRobotApp", "MedicineRobotApp.csproj", "{A76B7C30-C9B3-9249-C1C9-B3B143D230BC}"
EndProject
Global
	GlobalSection(SolutionConfigurationPlatforms) = preSolution
		Debug|Any CPU = Debug|Any CPU
		Release|Any CPU = Release|Any CPU
	EndGlobalSection
	GlobalSection(ProjectConfigurationPlatforms) = postSolution
		{A76B7C30-C9B3-9249-C1C9-B3B143D230BC}.Debug|Any CPU.ActiveCfg = Debug|Any CPU
		{A76B7C30-C9B3-9249-C1C9-B3B143D230BC}.Debug|Any CPU.Build.0 = Debug|Any CPU
		{A76B7C30-C9B3-9249-C1C9-B3B143D230BC}.Release|Any CPU.ActiveCfg = Release|Any CPU
		{A76B7C30-C9B3-9249-C1C9-B3B143D230BC}.Release|Any CPU.Build.0 = Release|Any CPU
	EndGlobalSection
	GlobalSection(SolutionProperties) = preSolution
		HideSolutionNode = FALSE
	EndGlobalSection
	GlobalSection(ExtensibilityGlobals) = postSolution
		SolutionGuid = {6B1119E5-1DBE-4EDE-A380-85099C0EF3EB}
	EndGlobalSection
EndGlobal
